
Microsoft Visual Studio Solution File, Format Version 12.00
# Visual Studio Version 16
VisualStudioVersion = 16.0.29519.181
MinimumVisualStudioVersion = 10.0.40219.1
Project("{2150E333-8FDC-42A3-9474-1A3956D46DE8}") = "UltimateChartistRoot", "UltimateChartistRoot", "{1C7888FD-6579-4E34-A96B-ADCF2BC8AB8C}"
	ProjectSection(SolutionItems) = preProject
		.gitignore = .gitignore
		AgentReport.tsv = AgentReport.tsv
		BreadthCfg.txt = BreadthCfg.txt
		CleanGenerated.bat = CleanGenerated.bat
		CleanGeneratedBreadth.bat = CleanGeneratedBreadth.bat
		CleanInvesting.bat = CleanInvesting.bat
		CleanInvestingIntraday.bat = CleanInvestingIntraday.bat
		EuronextDownload.cfg = EuronextDownload.cfg
		EuronextDownload.user.cfg = EuronextDownload.user.cfg
		GoogleDownload.cfg = GoogleDownload.cfg
		GoogleDownload.user.cfg = GoogleDownload.user.cfg
		GoogleIntradayDownload.user.cfg = GoogleIntradayDownload.user.cfg
		InvestingDownload.user.cfg = InvestingDownload.user.cfg
		InvestingIntradayDownload.user.cfg = InvestingIntradayDownload.user.cfg
		InvestingTickers.cfg = InvestingTickers.cfg
		RatioIndicator.txt = RatioIndicator.txt
		SentimentTrader_DATA_URL.xlsx = SentimentTrader_DATA_URL.xlsx
		SocGenIntradayDownload.user.cfg = SocGenIntradayDownload.user.cfg
		UltimateChartistAnalysis.ulc = UltimateChartistAnalysis.ulc
		WatchLists.xml = WatchLists.xml
	EndProjectSection
EndProject
Project("{2150E333-8FDC-42A3-9474-1A3956D46DE8}") = "Themes", "Themes", "{2884C3A9-C2C5-413D-8C6D-85134266BF9F}"
	ProjectSection(SolutionItems) = preProject
		themes\__Empty.thm = themes\__Empty.thm
		themes\TOPEMA.thm = themes\TOPEMA.thm
		themes\TRAILATR.thm = themes\TRAILATR.thm
		themes\TRAILATR_INT.thm = themes\TRAILATR_INT.thm
	EndProjectSection
EndProject
Project("{2150E333-8FDC-42A3-9474-1A3956D46DE8}") = "FilteredStrategies", "FilteredStrategies", "{B39A472A-69C2-40F6-8886-F7F1DCAAB58C}"
	ProjectSection(SolutionItems) = preProject
		FilteredStrategies\__TOPEMA.xml = FilteredStrategies\__TOPEMA.xml
		FilteredStrategies\__TRAILEMA.xml = FilteredStrategies\__TRAILEMA.xml
		FilteredStrategies\__TRAILSAR.xml = FilteredStrategies\__TRAILSAR.xml
		FilteredStrategies\_CROSSING.xml = FilteredStrategies\_CROSSING.xml
		FilteredStrategies\_ER.xml = FilteredStrategies\_ER.xml
		FilteredStrategies\_HIGHEST.xml = FilteredStrategies\_HIGHEST.xml
		FilteredStrategies\_HIGHLOW200.xml = FilteredStrategies\_HIGHLOW200.xml
		FilteredStrategies\_HILBERTSR(1,1).xml = FilteredStrategies\_HILBERTSR(1,1).xml
		FilteredStrategies\_RSISR.xml = FilteredStrategies\_RSISR.xml
		FilteredStrategies\_STOKSR.xml = FilteredStrategies\_STOKSR.xml
		FilteredStrategies\_TRAILFOLLOW.xml = FilteredStrategies\_TRAILFOLLOW.xml
		FilteredStrategies\HLSAR.xml = FilteredStrategies\HLSAR.xml
	EndProjectSection
EndProject
Project("{2150E333-8FDC-42A3-9474-1A3956D46DE8}") = "data", "data", "{7E40E468-401B-4BE6-B353-D9621459EA58}"
EndProject
Project("{2150E333-8FDC-42A3-9474-1A3956D46DE8}") = "weekly", "weekly", "{209370CC-539F-46C1-9B3A-EE1BB04A872D}"
EndProject
Project("{2150E333-8FDC-42A3-9474-1A3956D46DE8}") = "AAII", "AAII", "{AEAE9B9F-3512-4B73-A1D6-492CB0C4DA53}"
	ProjectSection(SolutionItems) = preProject
		data\weekly\AAII\BullBearRatio.csv = data\weekly\AAII\BullBearRatio.csv
	EndProjectSection
EndProject
Project("{2150E333-8FDC-42A3-9474-1A3956D46DE8}") = "Portfolio", "Portfolio", "{B6269A8B-47BA-46EA-8BE7-F07538098FF2}"
	ProjectSection(SolutionItems) = preProject
		Portfolio\@SaxoPEA.ucptf = Portfolio\@SaxoPEA.ucptf
		Portfolio\@SaxoPEABanon.ucptf = Portfolio\@SaxoPEABanon.ucptf
		Portfolio\@SaxoPEABenoit.ucptf = Portfolio\@SaxoPEABenoit.ucptf
		Portfolio\@SaxoTitre.ucptf = Portfolio\@SaxoTitre.ucptf
		Portfolio\Legacy\__PEA.ucptf = Portfolio\Legacy\__PEA.ucptf
		Portfolio\Legacy\__TestPortfolio.ucptf = Portfolio\Legacy\__TestPortfolio.ucptf
		Portfolio\Legacy\__Titre.ucptf = Portfolio\Legacy\__Titre.ucptf
		Portfolio\Transactions_13040737_2020.xlsx = Portfolio\Transactions_13040737_2020.xlsx
		Portfolio\Transactions_13040737_2021.xlsx = Portfolio\Transactions_13040737_2021.xlsx
	EndProjectSection
EndProject
Project("{2150E333-8FDC-42A3-9474-1A3956D46DE8}") = "img", "img", "{11CFF281-48AC-4802-BE2B-E9FE34BB9C12}"
	ProjectSection(SolutionItems) = preProject
		img\Down.png = img\Down.png
		img\Flat.png = img\Flat.png
		img\Up.png = img\Up.png
	EndProjectSection
EndProject
Project("{2150E333-8FDC-42A3-9474-1A3956D46DE8}") = "Alert", "Alert", "{67B0D179-5378-4BB1-A155-58600F7DACEC}"
EndProject
Project("{2150E333-8FDC-42A3-9474-1A3956D46DE8}") = "AlertDef", "AlertDef", "{07757D98-B606-4FDD-9BF0-D4947BEB6440}"
	ProjectSection(SolutionItems) = preProject
		Alert\AlertDef\AlertDefDaily.xml = Alert\AlertDef\AlertDefDaily.xml
		Alert\AlertDef\AlertDefIntraday.xml = Alert\AlertDef\AlertDefIntraday.xml
		Alert\AlertDef\AlertDefMonthly.xml = Alert\AlertDef\AlertDefMonthly.xml
		Alert\AlertDef\AlertDefUserDefined.xml = Alert\AlertDef\AlertDefUserDefined.xml
		Alert\AlertDef\AlertDefWeekly.xml = Alert\AlertDef\AlertDefWeekly.xml
	EndProjectSection
EndProject
Project("{2150E333-8FDC-42A3-9474-1A3956D46DE8}") = "AlertLog", "AlertLog", "{4C593634-1FD8-481E-A565-73D9EBF8F887}"
EndProject
Project("{2150E333-8FDC-42A3-9474-1A3956D46DE8}") = "Formation", "Formation", "{2E0C0A73-0FBB-46A0-B58D-CB72BA373804}"
	ProjectSection(SolutionItems) = preProject
		Formation\BackTestResults.xlsx = Formation\BackTestResults.xlsx
		Formation\BackTestResults_Intraday_TF.xlsx = Formation\BackTestResults_Intraday_TF.xlsx
		Formation\BackTestResults_Monthly_TF.xlsx = Formation\BackTestResults_Monthly_TF.xlsx
		Formation\BackTestResults_Weekly_TF.xlsx = Formation\BackTestResults_Weekly_TF.xlsx
		Formation\CompoundInterest.xlsx = Formation\CompoundInterest.xlsx
		Formation\CupHandle_Weekly.xlsx = Formation\CupHandle_Weekly.xlsx
		Formation\Formation Bourse.pptx = Formation\Formation Bourse.pptx
		Formation\Formation Bourse_Benoit.pptx = Formation\Formation Bourse_Benoit.pptx
		Formation\TradeRisk.xlsx = Formation\TradeRisk.xlsx
		Formation\VariationInMonth.xlsx = Formation\VariationInMonth.xlsx
	EndProjectSection
EndProject
Project("{2150E333-8FDC-42A3-9474-1A3956D46DE8}") = "Palmares", "Palmares", "{7688D27C-5E0C-494A-B8D0-7F94E6FD98F4}"
	ProjectSection(SolutionItems) = preProject
		Palmares\_Default.xml = Palmares\_Default.xml
	EndProjectSection
EndProject
Global
	GlobalSection(SolutionProperties) = preSolution
		HideSolutionNode = FALSE
	EndGlobalSection
	GlobalSection(NestedProjects) = preSolution
		{2884C3A9-C2C5-413D-8C6D-85134266BF9F} = {1C7888FD-6579-4E34-A96B-ADCF2BC8AB8C}
		{B39A472A-69C2-40F6-8886-F7F1DCAAB58C} = {1C7888FD-6579-4E34-A96B-ADCF2BC8AB8C}
		{7E40E468-401B-4BE6-B353-D9621459EA58} = {1C7888FD-6579-4E34-A96B-ADCF2BC8AB8C}
		{209370CC-539F-46C1-9B3A-EE1BB04A872D} = {7E40E468-401B-4BE6-B353-D9621459EA58}
		{AEAE9B9F-3512-4B73-A1D6-492CB0C4DA53} = {209370CC-539F-46C1-9B3A-EE1BB04A872D}
		{B6269A8B-47BA-46EA-8BE7-F07538098FF2} = {1C7888FD-6579-4E34-A96B-ADCF2BC8AB8C}
		{11CFF281-48AC-4802-BE2B-E9FE34BB9C12} = {1C7888FD-6579-4E34-A96B-ADCF2BC8AB8C}
		{67B0D179-5378-4BB1-A155-58600F7DACEC} = {1C7888FD-6579-4E34-A96B-ADCF2BC8AB8C}
		{07757D98-B606-4FDD-9BF0-D4947BEB6440} = {67B0D179-5378-4BB1-A155-58600F7DACEC}
		{4C593634-1FD8-481E-A565-73D9EBF8F887} = {67B0D179-5378-4BB1-A155-58600F7DACEC}
		{2E0C0A73-0FBB-46A0-B58D-CB72BA373804} = {1C7888FD-6579-4E34-A96B-ADCF2BC8AB8C}
		{7688D27C-5E0C-494A-B8D0-7F94E6FD98F4} = {1C7888FD-6579-4E34-A96B-ADCF2BC8AB8C}
	EndGlobalSection
	GlobalSection(ExtensibilityGlobals) = postSolution
		SolutionGuid = {739F75DB-2139-48D8-A612-E8AB77F3CF0F}
	EndGlobalSection
EndGlobal
