
Microsoft Visual Studio Solution File, Format Version 12.00
# Visual Studio Version 16
VisualStudioVersion = 16.0.29519.181
MinimumVisualStudioVersion = 10.0.40219.1
Project("{2150E333-8FDC-42A3-9474-1A3956D46DE8}") = "UltimateChartistRoot", "UltimateChartistRoot", "{1C7888FD-6579-4E34-A96B-ADCF2BC8AB8C}"
	ProjectSection(SolutionItems) = preProject
		.gitignore = .gitignore
		AgentReport.tsv = AgentReport.tsv
		BreadthCfg.txt = BreadthCfg.txt
		CleanGenerated.bat = CleanGenerated.bat
		CleanGeneratedBreadth.bat = CleanGeneratedBreadth.bat
		CleanInvesting.bat = CleanInvesting.bat
		CleanInvestingIntraday.bat = CleanInvestingIntraday.bat
		EuronextDownload.cfg = EuronextDownload.cfg
		EuronextDownload.user.cfg = EuronextDownload.user.cfg
		GoogleDownload.cfg = GoogleDownload.cfg
		GoogleDownload.user.cfg = GoogleDownload.user.cfg
		GoogleIntradayDownload.user.cfg = GoogleIntradayDownload.user.cfg
		InvestingDownload.user.cfg = InvestingDownload.user.cfg
		InvestingIntradayDownload.user.cfg = InvestingIntradayDownload.user.cfg
		InvestingTickers.cfg = InvestingTickers.cfg
		RatioIndicator.txt = RatioIndicator.txt
		RydexDownload.cfg = RydexDownload.cfg
		SentimentTrader_DATA_URL.xlsx = SentimentTrader_DATA_URL.xlsx
		SocGenIntradayDownload.user.cfg = SocGenIntradayDownload.user.cfg
		UltimateChartistAnalysis.ulc = UltimateChartistAnalysis.ulc
		WatchLists.xml = WatchLists.xml
	EndProjectSection
EndProject
Project("{2150E333-8FDC-42A3-9474-1A3956D46DE8}") = "Themes", "Themes", "{2884C3A9-C2C5-413D-8C6D-85134266BF9F}"
	ProjectSection(SolutionItems) = preProject
		themes\__Empty.thm = themes\__Empty.thm
		themes\__TRAILBB.thm = themes\__TRAILBB.thm
		themes\__TRAILMDH.thm = themes\__TRAILMDH.thm
		themes\_BBEX.thm = themes\_BBEX.thm
		themes\_BETA.thm = themes\_BETA.thm
		themes\_CLOUD.thm = themes\_CLOUD.thm
		themes\_CLOUDLong.thm = themes\_CLOUDLong.thm
		themes\_CLOUDTREND.thm = themes\_CLOUDTREND.thm
		themes\_CROSS_RSI.thm = themes\_CROSS_RSI.thm
		themes\_CROSSING.thm = themes\_CROSSING.thm
		themes\_FIBO.thm = themes\_FIBO.thm
		themes\_HARMONIC.thm = themes\_HARMONIC.thm
		themes\_HL.thm = themes\_HL.thm
		themes\_LEADER.thm = themes\_LEADER.thm
		themes\_RANGE.thm = themes\_RANGE.thm
		themes\_SCREENER.thm = themes\_SCREENER.thm
		themes\_SPEED.thm = themes\_SPEED.thm
		themes\_STOK.thm = themes\_STOK.thm
		themes\_STOK_14.thm = themes\_STOK_14.thm
		themes\_TOPEMA.thm = themes\_TOPEMA.thm
		themes\_TOPSAR.thm = themes\_TOPSAR.thm
		themes\_TRAILATR.thm = themes\_TRAILATR.thm
		themes\_TRAILHL2SR.thm = themes\_TRAILHL2SR.thm
		themes\ADBench.thm = themes\ADBench.thm
		themes\BARPATTERN.thm = themes\BARPATTERN.thm
		themes\BBStop.thm = themes\BBStop.thm
		themes\BullBearRatio.thm = themes\BullBearRatio.thm
		themes\CCI.thm = themes\CCI.thm
		themes\CCI_INT.thm = themes\CCI_INT.thm
		themes\CUPHANDLE.thm = themes\CUPHANDLE.thm
		themes\DONCHIAN.thm = themes\DONCHIAN.thm
		themes\DOWLine.thm = themes\DOWLine.thm
		themes\EMA200_HMA30.thm = themes\EMA200_HMA30.thm
		themes\EMA3_EMA6.thm = themes\EMA3_EMA6.thm
		themes\ER.thm = themes\ER.thm
		themes\FIBOChannel.thm = themes\FIBOChannel.thm
		themes\HorseRace.thm = themes\HorseRace.thm
		themes\ICHIMOKU.thm = themes\ICHIMOKU.thm
		themes\MACD.thm = themes\MACD.thm
		themes\PCR_Bench.thm = themes\PCR_Bench.thm
		themes\Pivot.thm = themes\Pivot.thm
		themes\PUKE.thm = themes\PUKE.thm
		themes\RANK.thm = themes\RANK.thm
		themes\ReportTheme.thm = themes\ReportTheme.thm
		themes\RSI.thm = themes\RSI.thm
		themes\SAR.thm = themes\SAR.thm
		themes\SEASONALITY.thm = themes\SEASONALITY.thm
		themes\Stochastik.thm = themes\Stochastik.thm
		themes\STOCK_TARGET.thm = themes\STOCK_TARGET.thm
		themes\TRAIL_MTF.thm = themes\TRAIL_MTF.thm
		themes\TrailEMA.thm = themes\TrailEMA.thm
		themes\TrailHMA.thm = themes\TrailHMA.thm
		themes\TrendHL.thm = themes\TrendHL.thm
		themes\TrendLine.thm = themes\TrendLine.thm
		themes\TrendLineHL.thm = themes\TrendLineHL.thm
		themes\WEDGE.thm = themes\WEDGE.thm
	EndProjectSection
EndProject
Project("{2150E333-8FDC-42A3-9474-1A3956D46DE8}") = "FilteredStrategies", "FilteredStrategies", "{B39A472A-69C2-40F6-8886-F7F1DCAAB58C}"
	ProjectSection(SolutionItems) = preProject
		FilteredStrategies\__TOPEMA.xml = FilteredStrategies\__TOPEMA.xml
		FilteredStrategies\__TRAILEMA.xml = FilteredStrategies\__TRAILEMA.xml
		FilteredStrategies\__TRAILSAR.xml = FilteredStrategies\__TRAILSAR.xml
		FilteredStrategies\_CROSSING.xml = FilteredStrategies\_CROSSING.xml
		FilteredStrategies\_ER.xml = FilteredStrategies\_ER.xml
		FilteredStrategies\_HIGHEST.xml = FilteredStrategies\_HIGHEST.xml
		FilteredStrategies\_HIGHLOW200.xml = FilteredStrategies\_HIGHLOW200.xml
		FilteredStrategies\_HILBERTSR(1,1).xml = FilteredStrategies\_HILBERTSR(1,1).xml
		FilteredStrategies\_RSISR.xml = FilteredStrategies\_RSISR.xml
		FilteredStrategies\_STOKSR.xml = FilteredStrategies\_STOKSR.xml
		FilteredStrategies\_TRAILFOLLOW.xml = FilteredStrategies\_TRAILFOLLOW.xml
		FilteredStrategies\HLSAR.xml = FilteredStrategies\HLSAR.xml
	EndProjectSection
EndProject
Project("{2150E333-8FDC-42A3-9474-1A3956D46DE8}") = "data", "data", "{7E40E468-401B-4BE6-B353-D9621459EA58}"
EndProject
Project("{2150E333-8FDC-42A3-9474-1A3956D46DE8}") = "weekly", "weekly", "{209370CC-539F-46C1-9B3A-EE1BB04A872D}"
EndProject
Project("{2150E333-8FDC-42A3-9474-1A3956D46DE8}") = "AAII", "AAII", "{AEAE9B9F-3512-4B73-A1D6-492CB0C4DA53}"
	ProjectSection(SolutionItems) = preProject
		data\weekly\AAII\BullBearRatio.csv = data\weekly\AAII\BullBearRatio.csv
	EndProjectSection
EndProject
Project("{2150E333-8FDC-42A3-9474-1A3956D46DE8}") = "Portfolio", "Portfolio", "{B6269A8B-47BA-46EA-8BE7-F07538098FF2}"
	ProjectSection(SolutionItems) = preProject
		Portfolio\Binck_Simu_P.tptf = Portfolio\Binck_Simu_P.tptf
		Portfolio\BinckPEA_P.ptf = Portfolio\BinckPEA_P.ptf
		Portfolio\BinckTitre_P.ptf = Portfolio\BinckTitre_P.ptf
		Portfolio\CupHandle.tptf = Portfolio\CupHandle.tptf
		Portfolio\Formation.tptf = Portfolio\Formation.tptf
		Portfolio\NameMappings.xml = Portfolio\NameMappings.xml
	EndProjectSection
EndProject
Project("{2150E333-8FDC-42A3-9474-1A3956D46DE8}") = "img", "img", "{11CFF281-48AC-4802-BE2B-E9FE34BB9C12}"
	ProjectSection(SolutionItems) = preProject
		img\Down.png = img\Down.png
		img\Flat.png = img\Flat.png
		img\Up.png = img\Up.png
	EndProjectSection
EndProject
Project("{2150E333-8FDC-42A3-9474-1A3956D46DE8}") = "Alert", "Alert", "{67B0D179-5378-4BB1-A155-58600F7DACEC}"
EndProject
Project("{2150E333-8FDC-42A3-9474-1A3956D46DE8}") = "AlertDef", "AlertDef", "{07757D98-B606-4FDD-9BF0-D4947BEB6440}"
	ProjectSection(SolutionItems) = preProject
		Alert\AlertDef\AlertDefDaily.xml = Alert\AlertDef\AlertDefDaily.xml
		Alert\AlertDef\AlertDefIntraday.xml = Alert\AlertDef\AlertDefIntraday.xml
		Alert\AlertDef\AlertDefMonthly.xml = Alert\AlertDef\AlertDefMonthly.xml
		Alert\AlertDef\AlertDefWeekly.xml = Alert\AlertDef\AlertDefWeekly.xml
	EndProjectSection
EndProject
Project("{2150E333-8FDC-42A3-9474-1A3956D46DE8}") = "AlertLog", "AlertLog", "{4C593634-1FD8-481E-A565-73D9EBF8F887}"
EndProject
Global
	GlobalSection(SolutionProperties) = preSolution
		HideSolutionNode = FALSE
	EndGlobalSection
	GlobalSection(NestedProjects) = preSolution
		{2884C3A9-C2C5-413D-8C6D-85134266BF9F} = {1C7888FD-6579-4E34-A96B-ADCF2BC8AB8C}
		{B39A472A-69C2-40F6-8886-F7F1DCAAB58C} = {1C7888FD-6579-4E34-A96B-ADCF2BC8AB8C}
		{7E40E468-401B-4BE6-B353-D9621459EA58} = {1C7888FD-6579-4E34-A96B-ADCF2BC8AB8C}
		{209370CC-539F-46C1-9B3A-EE1BB04A872D} = {7E40E468-401B-4BE6-B353-D9621459EA58}
		{AEAE9B9F-3512-4B73-A1D6-492CB0C4DA53} = {209370CC-539F-46C1-9B3A-EE1BB04A872D}
		{B6269A8B-47BA-46EA-8BE7-F07538098FF2} = {1C7888FD-6579-4E34-A96B-ADCF2BC8AB8C}
		{11CFF281-48AC-4802-BE2B-E9FE34BB9C12} = {1C7888FD-6579-4E34-A96B-ADCF2BC8AB8C}
		{67B0D179-5378-4BB1-A155-58600F7DACEC} = {1C7888FD-6579-4E34-A96B-ADCF2BC8AB8C}
		{07757D98-B606-4FDD-9BF0-D4947BEB6440} = {67B0D179-5378-4BB1-A155-58600F7DACEC}
		{4C593634-1FD8-481E-A565-73D9EBF8F887} = {67B0D179-5378-4BB1-A155-58600F7DACEC}
	EndGlobalSection
	GlobalSection(ExtensibilityGlobals) = postSolution
		SolutionGuid = {739F75DB-2139-48D8-A612-E8AB77F3CF0F}
	EndGlobalSection
EndGlobal
